{
    "_meta": {
        "hash": {
            "sha256": "2075800c27a10cc980993831ce55e06e6157cd001974544eaa81a2bc5f41d461"
        },
        "pipfile-spec": 6,
        "requires": {},
        "sources": [
            {
                "url": "https://pypi.python.org/simple",
                "verify_ssl": true
            }
        ]
    },
    "default": {
        "blessings": {
            "hashes": [
                "sha256:98e5854d805f50a5b58ac2333411b0482516a8210f23f43308baeb58d77c157d",
                "sha256:b1fdd7e7a675295630f9ae71527a8ebc10bfefa236b3d6aa4932ee4462c17ba3",
                "sha256:caad5211e7ba5afe04367cdd4cfc68fa886e2e08f6f35e76b7387d2109ccea6e"
            ],
            "version": "==1.7"
        },
        "bpython": {
            "hashes": [
                "sha256:56cc20dbe568c98c81de4990fddf5862c0d8d3ab0ad1cf7057988abc5f7686c2",
                "sha256:c7c6de7309311fd607d6cb47ef7e2d6e065d0a299199d51220d57732850a3efa"
            ],
            "version": "==0.18"
        },
        "certifi": {
            "hashes": [
                "sha256:1a4995114262bffbc2413b159f2a1a480c969de6e6eb13ee966d470af86af59c",
                "sha256:719a74fb9e33b9bd44cc7f3a8d94bc35e4049deebe19ba7d8e108280cfd59830"
            ],
            "version": "==2020.12.5"
        },
        "chardet": {
            "hashes": [
                "sha256:84ab92ed1c4d4f16916e05906b6b75a6c0fb5db821cc65e70cbd64a3e2a5eaae",
                "sha256:fc323ffcaeaed0e0a02bf4d117757b98aed530d9ed4531e3e15460124c106691"
            ],
            "version": "==3.0.4"
        },
        "curtsies": {
            "hashes": [
                "sha256:a587ff3335667a32be7afed163f60a1c82c5d9c848d8297534a06fd29de20dbd"
            ],
            "version": "==0.3.5"
        },
        "cwcwidth": {
            "hashes": [
                "sha256:01b630049fdd8fc37f0e929d24012fee7855d8aa3f304c8a0c26caf2415c7d85",
                "sha256:0614e892110401284fec5850ee45846d5ff163654574d3df040f86f02ec05399",
                "sha256:0e05498c57629bf6c8445b17b2e5a9ec26c0f97080cb7ae2602e14a5db67209b",
                "sha256:146069bc61cb5db11d3c037b057454d78ef2254932f4f4871ae355e0923ce8e7",
                "sha256:2fc0d1c4214f76ba7fec60aac6e1467588d865a0005ce9063c5471c57751f895",
                "sha256:3011f108504e3ad6472f53df0b7a12b9a978e6e0e41bd841a768a6a5f678bc0e",
                "sha256:3a93491f4cbe5fc821bae02ebcccfa5b9206f441fa3ef618dc6f62fdccde0f07",
                "sha256:3bec2366e89de99c6ca8dcd1c92156d60efdbb47dc3a9cdb86d7064773c05d65",
                "sha256:482a937891a6918667436e0a7041aab576c26e4bcbcdddd178ef79362fbcf9ab",
                "sha256:51481cb731c6d9c46a5d751bafff03ea3072f856c590fe8d4a27a1d404bb20be",
                "sha256:53ec58c6478af6062e979a89fc11ec6ca1e4254e93f3305ac62da28809745185",
                "sha256:55969b269a11f317c29b206e74cae02267af92a3a9a2fb86860a84f64366705a",
                "sha256:5a7da558423d32064bb8cabe461824543c6072ecdf2d0c2adf521dc63b3f0073",
                "sha256:63190cb5b87a568ed89cfae3be203935a14dea0c10b116160a15031273771b44",
                "sha256:73d66da4f1807cc673cf924c9fd83f9f61465af13693f5ef2b5b4b9c32faa0c7",
                "sha256:77281cd94e6d582f3459e1535305cb3ad0afd3fbed0bacbe2e84b7e5cb3e9123",
                "sha256:7779cb2ccc04694f95134d3f660216f32be5de82101dcbd8f1c8f81ff748ae41",
                "sha256:99fb16a3b0258ee2fa952e7dab80b839b990aebdb96b98b648211a99e8a0c906",
                "sha256:9faa4adcdb0c74fb8350da8eee6f893dde5b9a0f817ee0b83607b8e0e4d12929",
                "sha256:a85539ec3b879177eb1715bda5bd2bb9753d84569f8717684f07016efb92a5c7",
                "sha256:b1d75b2c9edc19a579dd5d92e93dc7087b6430a250928a06527aa6ebd627b06c",
                "sha256:b9d0188488c55d947f71d48f47e7f8e4355d75a86afcc8932a500cd84e32e278",
                "sha256:d5a487c6981bf157b67f83514a754df5e6713a9090df71558a2625788c4a448a",
                "sha256:d76c3b5078355e78ca3aa0fd06939a9793f5a9f9bf4522738fff90fb58b47429",
                "sha256:d8f8464656b48549d2a8ac776eed5c6f10906ee2dcc3767ef8228cc582857f6d",
                "sha256:ec9d57742804a975a75dc633ee3a0bb5bffe67dc897def6a3d84717805584dbd",
                "sha256:ede2a05f88e3ddc4be22591fd5c5491e8a94f6e7fd3c93a3a06164f4ce8690d0",
                "sha256:ef08bc8af421e5991ff6c2e67124add008e73ed7fd4fb8767f44c07b789fe114",
                "sha256:ffb278e25d3ff9789dca99dcb666469a390ff226b181f846cc8736f1554ff085"
            ],
            "version": "==0.1.4"
        },
        "django": {
            "hashes": [
                "sha256:0eaca08f236bf502a9773e53623f766cc3ceee6453cc41e6de1c8b80f07d2364",
                "sha256:c9c994f5e0a032cbd45089798b52e4080f4dea7241c58e3e0636c54146480bb4"
            ],
            "version": "==2.2.18"
        },
        "django-extensions": {
            "hashes": [
                "sha256:6766c573ffe63693cd485512a02f3b59622c884cbfeca241d1278ffdf0ac39ae",
                "sha256:c43e46cc95985c278afda645480b79f9a85cfe5a82c957accd08b8045793b707"
            ],
            "version": "==2.1.7"
        },
        "greenlet": {
            "hashes": [
                "sha256:0a77691f0080c9da8dfc81e23f4e3cffa5accf0f5b56478951016d7cfead9196",
                "sha256:0ddd77586553e3daf439aa88b6642c5f252f7ef79a39271c25b1d4bf1b7cbb85",
                "sha256:111cfd92d78f2af0bc7317452bd93a477128af6327332ebf3c2be7df99566683",
                "sha256:122c63ba795fdba4fc19c744df6277d9cfd913ed53d1a286f12189a0265316dd",
                "sha256:181300f826625b7fd1182205b830642926f52bd8cdb08b34574c9d5b2b1813f7",
                "sha256:1a1ada42a1fd2607d232ae11a7b3195735edaa49ea787a6d9e6a53afaf6f3476",
                "sha256:1bb80c71de788b36cefb0c3bb6bfab306ba75073dbde2829c858dc3ad70f867c",
                "sha256:1d1d4473ecb1c1d31ce8fd8d91e4da1b1f64d425c1dc965edc4ed2a63cfa67b2",
                "sha256:292e801fcb3a0b3a12d8c603c7cf340659ea27fd73c98683e75800d9fd8f704c",
                "sha256:2c65320774a8cd5fdb6e117c13afa91c4707548282464a18cf80243cf976b3e6",
                "sha256:4365eccd68e72564c776418c53ce3c5af402bc526fe0653722bc89efd85bf12d",
                "sha256:5352c15c1d91d22902582e891f27728d8dac3bd5e0ee565b6a9f575355e6d92f",
                "sha256:58ca0f078d1c135ecf1879d50711f925ee238fe773dfe44e206d7d126f5bc664",
                "sha256:5d4030b04061fdf4cbc446008e238e44936d77a04b2b32f804688ad64197953c",
                "sha256:5d69bbd9547d3bc49f8a545db7a0bd69f407badd2ff0f6e1a163680b5841d2b0",
                "sha256:5f297cb343114b33a13755032ecf7109b07b9a0020e841d1c3cedff6602cc139",
                "sha256:62afad6e5fd70f34d773ffcbb7c22657e1d46d7fd7c95a43361de979f0a45aef",
                "sha256:647ba1df86d025f5a34043451d7c4a9f05f240bee06277a524daad11f997d1e7",
                "sha256:719e169c79255816cdcf6dccd9ed2d089a72a9f6c42273aae12d55e8d35bdcf8",
                "sha256:7cd5a237f241f2764324396e06298b5dee0df580cf06ef4ada0ff9bff851286c",
                "sha256:875d4c60a6299f55df1c3bb870ebe6dcb7db28c165ab9ea6cdc5d5af36bb33ce",
                "sha256:90b6a25841488cf2cb1c8623a53e6879573010a669455046df5f029d93db51b7",
                "sha256:94620ed996a7632723a424bccb84b07e7b861ab7bb06a5aeb041c111dd723d36",
                "sha256:b5f1b333015d53d4b381745f5de842f19fe59728b65f0fbb662dafbe2018c3a5",
                "sha256:c5b22b31c947ad8b6964d4ed66776bcae986f73669ba50620162ba7c832a6b6a",
                "sha256:c93d1a71c3fe222308939b2e516c07f35a849c5047f0197442a4d6fbcb4128ee",
                "sha256:cdb90267650c1edb54459cdb51dab865f6c6594c3a47ebd441bc493360c7af70",
                "sha256:cfd06e0f0cc8db2a854137bd79154b61ecd940dce96fad0cba23fe31de0b793c",
                "sha256:d3789c1c394944084b5e57c192889985a9f23bd985f6d15728c745d380318128",
                "sha256:da7d09ad0f24270b20f77d56934e196e982af0d0a2446120cb772be4e060e1a2",
                "sha256:df3e83323268594fa9755480a442cabfe8d82b21aba815a71acf1bb6c1776218",
                "sha256:df8053867c831b2643b2c489fe1d62049a98566b1646b194cc815f13e27b90df",
                "sha256:e1128e022d8dce375362e063754e129750323b67454cac5600008aad9f54139e",
                "sha256:e6e9fdaf6c90d02b95e6b0709aeb1aba5affbbb9ccaea5502f8638e4323206be",
                "sha256:eac8803c9ad1817ce3d8d15d1bb82c2da3feda6bee1153eec5c58fa6e5d3f770",
                "sha256:eb333b90036358a0e2c57373f72e7648d7207b76ef0bd00a4f7daad1f79f5203",
                "sha256:ed1d1351f05e795a527abc04a0d82e9aecd3bdf9f46662c36ff47b0b00ecaf06",
                "sha256:f3dc68272990849132d6698f7dc6df2ab62a88b0d36e54702a8fd16c0490e44f",
                "sha256:f59eded163d9752fd49978e0bab7a1ff21b1b8d25c05f0995d140cc08ac83379",
                "sha256:f5e2d36c86c7b03c94b8459c3bd2c9fe2c7dab4b258b8885617d44a22e453fb7",
                "sha256:f6f65bf54215e4ebf6b01e4bb94c49180a589573df643735107056f7a910275b",
                "sha256:f8450d5ef759dbe59f84f2c9f77491bb3d3c44bc1a573746daf086e70b14c243",
                "sha256:f97d83049715fd9dec7911860ecf0e17b48d8725de01e45de07d8ac0bd5bc378"
            ],
            "version": "==1.0.0"
        },
        "idna": {
            "hashes": [
                "sha256:156a6814fb5ac1fc6850fb002e0852d56c0c8d2531923a51032d1b70760e186e",
                "sha256:684a38a6f903c1d71d6d5fac066b58d7768af4de2b832e426ec79c30daa94a16"
            ],
            "version": "==2.7"
        },
        "psycopg2": {
            "hashes": [
                "sha256:00cfecb3f3db6eb76dcc763e71777da56d12b6d61db6a2c6ccbbb0bff5421f8f",
                "sha256:076501fc24ae13b2609ba2303d88d4db79072562f0b8cc87ec1667dedff99dc1",
                "sha256:4e2b34e4c0ddfeddf770d7df93e269700b080a4d2ec514fec668d71895f56782",
                "sha256:5cacf21b6f813c239f100ef78a4132056f93a5940219ec25d2ef833cbeb05588",
                "sha256:61f58e9ecb9e4dc7e30be56b562f8fc10ae3addcfcef51b588eed10a5a66100d",
                "sha256:8954ff6e47247bdd134db602fcadfc21662835bd92ce0760f3842eacfeb6e0f3",
                "sha256:b6e8c854cdc623028e558a409b06ea2f16d13438335941c7765d0a42b5bedd33",
                "sha256:baca21c0f7344576346e260454d0007313ccca8c170684707a63946b27a56c8f",
                "sha256:bb1735378770fb95dbe392d29e71405d45c8bdcfa064f916504833a92ab03c55",
                "sha256:de3d3c46c1ee18f996db42d1eb44cf1565cc9e38fb1dbd9b773ff6b3fa8035d7",
                "sha256:dee885602bb200bdcb1d30f6da6c7bb207360bc786d0a364fe1540dd14af0bab"
            ],
            "version": "==2.8.2"
        },
        "pygments": {
            "hashes": [
                "sha256:2656e1a6edcdabf4275f9a3640db59fd5de107d88e8663c5d4e9a0fa62f77f94",
                "sha256:534ef71d539ae97d4c3a4cf7d6f110f214b0e687e92f9cb9d2a3b0d3101289c8"
            ],
            "version": "==2.8.1"
        },
        "python-decouple": {
            "hashes": [
                "sha256:1317df14b43efee4337a4aa02914bf004f010cd56d6c4bd894e6474ec8c4fe2d"
            ],
            "version": "==3.1"
        },
        "python-dotenv": {
            "hashes": [
                "sha256:debd928b49dbc2bf68040566f55cdb3252458036464806f4094487244e2a4093",
                "sha256:f157d71d5fec9d4bd5f51c82746b6344dffa680ee85217c123f4a0c8117c4544"
            ],
            "version": "==0.10.3"
        },
        "pytz": {
            "hashes": [
                "sha256:83a4a90894bf38e243cf052c8b58f381bfe9a7a483f6a9cab140bc7f702ac4da",
                "sha256:eb10ce3e7736052ed3623d49975ce333bcd712c7bb19a58b9e2089d4057d0798"
            ],
            "version": "==2021.1"
        },
        "raven": {
            "hashes": [
                "sha256:3fa6de6efa2493a7c827472e984ce9b020797d0da16f1db67197bcc23c8fae54",
                "sha256:44a13f87670836e153951af9a3c80405d36b43097db869a36e92809673692ce4"
            ],
            "version": "==6.10.0"
        },
        "requests": {
            "hashes": [
                "sha256:99dcfdaaeb17caf6e526f32b6a7b780461512ab3f1d992187801694cba42770c",
                "sha256:a84b8c9ab6239b578f22d1c21d51b696dcfe004032bb80ea832398d6909d7279"
            ],
            "version": "==2.20.0"
        },
        "requests-mock": {
            "hashes": [
                "sha256:12e17c7ad1397fd1df5ead7727eb3f1bdc9fe1c18293b0492e0e01b57997e38d",
                "sha256:dc9e416a095ee7c3360056990d52e5611fb94469352fc1c2dc85be1ff2189146"
            ],
            "version": "==1.6.0"
        },
        "selenium": {
            "hashes": [
                "sha256:2d7131d7bc5a5b99a2d9b04aaf2612c411b03b8ca1b1ee8d3de5845a9be2cb3c",
                "sha256:deaf32b60ad91a4611b98d8002757f29e6f2c2d5fcaf202e1c9ad06d6772300d"
            ],
            "version": "==3.141.0"
        },
        "six": {
            "hashes": [
                "sha256:30639c035cdb23534cd4aa2dd52c3bf48f06e5f4a941509c8bafd8ce11080259",
                "sha256:8b74bedcbbbaca38ff6d7491d76f2b06b3592611af620f8426e82dddb04a5ced"
            ],
            "version": "==1.15.0"
        },
        "spotipy": {
            "hashes": [
                "sha256:4b05da481b5c5dd4d1da8c0f0d13ca805dde037db648d12be866244b19501ed1"
            ],
            "version": "==2.4.4"
        },
        "sqlparse": {
            "hashes": [
                "sha256:017cde379adbd6a1f15a61873f43e8274179378e95ef3fede90b5aa64d304ed0",
                "sha256:0f91fd2e829c44362cbcfab3e9ae12e22badaa8a29ad5ff599f9ec109f0454e8"
            ],
            "version": "==0.4.1"
        },
        "urllib3": {
            "hashes": [
                "sha256:2393a695cd12afedd0dcb26fe5d50d0cf248e5a66f75dbd89a3d4eb333a61af4",
                "sha256:a637e5fae88995b256e3409dc4d52c2e2e0ba32c42a6365fee8bbd2238de3cfb"
            ],
            "version": "==1.24.3"
        }
    },
    "develop": {}
}
